Microsoft Visual Studio Solution File, Format Version 12.00
# Visual Studio Version 17
VisualStudioVersion = 17.5.2.0
MinimumVisualStudioVersion = 10.0.40219.1
Project("{2150E333-8FDC-42A3-9474-1A3956D46DE8}") = "ESTRUCTURA DE DATOS", "ESTRUCTURA DE DATOS", "{84F63D73-E91C-A598-8A7E-22841B368B96}"
EndProject
Project("{FAE04EC0-301F-11D3-BF4B-00C04F79EFBC}") = "Tarea_semana2", "ESTRUCTURA DE DATOS\Tarea_semana2\Tarea_semana2.csproj", "{495902FE-029B-83C8-7F64-CD849528B76A}"
EndProject
Project("{FAE04EC0-301F-11D3-BF4B-00C04F79EFBC}") = "Tarea_semana3", "ESTRUCTURA DE DATOS\Tarea_semana3\Tarea_semana3.csproj", "{4614DB86-88E7-20EF-8236-42D02FAEACFA}"
EndProject
Project("{2150E333-8FDC-42A3-9474-1A3956D46DE8}") = "ESTRUCTURA DE DATOS", "ESTRUCTURA DE DATOS", "{A03FE912-B1E3-F4E7-4976-78DB69B733DF}"
EndProject
Project("{FAE04EC0-301F-11D3-BF4B-00C04F79EFBC}") = "Tarea_semana2", "ESTRUCTURA DE DATOS\ESTRUCTURA DE DATOS\Tarea_semana2\Tarea_semana2.csproj", "{12E5B415-7A7C-492A-FF21-D25BF4E67F20}"
EndProject
Project("{2150E333-8FDC-42A3-9474-1A3956D46DE8}") = "Ejercicios_Semana5", "Ejercicios_Semana5", "{AF2330E6-7413-D571-227E-B088C9A868E3}"
EndProject
Project("{FAE04EC0-301F-11D3-BF4B-00C04F79EFBC}") = "Ejercicio1", "ESTRUCTURA DE DATOS\ESTRUCTURA DE DATOS\Ejercicios_Semana5\Ejercicio1\Ejercicio1.csproj", "{8F1EF213-086E-DB2B-71F5-993C80E7B1B7}"
EndProject
Project("{FAE04EC0-301F-11D3-BF4B-00C04F79EFBC}") = "Ejercicio2", "ESTRUCTURA DE DATOS\ESTRUCTURA DE DATOS\Ejercicios_Semana5\Ejercicio2\Ejercicio2.csproj", "{587B0FF4-1072-18A5-EA28-BA2FB701BF63}"
EndProject
Project("{FAE04EC0-301F-11D3-BF4B-00C04F79EFBC}") = "Ejercicio3", "ESTRUCTURA DE DATOS\ESTRUCTURA DE DATOS\Ejercicios_Semana5\Ejercicio3\Ejercicio3.csproj", "{F06431B5-7539-20A5-35C0-E3302FD53999}"
EndProject
Project("{FAE04EC0-301F-11D3-BF4B-00C04F79EFBC}") = "Ejercicio4", "ESTRUCTURA DE DATOS\ESTRUCTURA DE DATOS\Ejercicios_Semana5\Ejercicio4\Ejercicio4.csproj", "{515C7966-7DC0-FE6D-AD40-C284A419E9E6}"
EndProject
Project("{FAE04EC0-301F-11D3-BF4B-00C04F79EFBC}") = "Ejercicio5", "ESTRUCTURA DE DATOS\ESTRUCTURA DE DATOS\Ejercicios_Semana5\Ejercicio5\Ejercicio5.csproj", "{B1F55A72-87A4-5FED-C44E-0BDC88D7EB30}"
EndProject
Project("{2150E333-8FDC-42A3-9474-1A3956D46DE8}") = "Tarea_semana3 (1)", "Tarea_semana3 (1)", "{7A33E3A0-FBC3-942E-9CB0-34658BE9AE56}"
EndProject
Project("{2150E333-8FDC-42A3-9474-1A3956D46DE8}") = "ESTRUCTURA DE DATOS", "ESTRUCTURA DE DATOS", "{C8CA915A-804E-7F21-59D4-32F934E0CD51}"
EndProject
Project("{FAE04EC0-301F-11D3-BF4B-00C04F79EFBC}") = "Tarea_semana2", "ESTRUCTURA DE DATOS\Tarea_semana3\ESTRUCTURA DE DATOS\Tarea_semana2\Tarea_semana2.csproj", "{594B69C2-10E1-7262-A4FC-26F6B94A17E9}"
EndProject
Global
	GlobalSection(SolutionConfigurationPlatforms) = preSolution
		Debug|Any CPU = Debug|Any CPU
		Release|Any CPU = Release|Any CPU
	EndGlobalSection
	GlobalSection(ProjectConfigurationPlatforms) = postSolution
		{495902FE-029B-83C8-7F64-CD849528B76A}.Debug|Any CPU.ActiveCfg = Debug|Any CPU
		{495902FE-029B-83C8-7F64-CD849528B76A}.Debug|Any CPU.Build.0 = Debug|Any CPU
		{495902FE-029B-83C8-7F64-CD849528B76A}.Release|Any CPU.ActiveCfg = Release|Any CPU
		{495902FE-029B-83C8-7F64-CD849528B76A}.Release|Any CPU.Build.0 = Release|Any CPU
		{4614DB86-88E7-20EF-8236-42D02FAEACFA}.Debug|Any CPU.ActiveCfg = Debug|Any CPU
		{4614DB86-88E7-20EF-8236-42D02FAEACFA}.Debug|Any CPU.Build.0 = Debug|Any CPU
		{4614DB86-88E7-20EF-8236-42D02FAEACFA}.Release|Any CPU.ActiveCfg = Release|Any CPU
		{4614DB86-88E7-20EF-8236-42D02FAEACFA}.Release|Any CPU.Build.0 = Release|Any CPU
		{12E5B415-7A7C-492A-FF21-D25BF4E67F20}.Debug|Any CPU.ActiveCfg = Debug|Any CPU
		{12E5B415-7A7C-492A-FF21-D25BF4E67F20}.Debug|Any CPU.Build.0 = Debug|Any CPU
		{12E5B415-7A7C-492A-FF21-D25BF4E67F20}.Release|Any CPU.ActiveCfg = Release|Any CPU
		{12E5B415-7A7C-492A-FF21-D25BF4E67F20}.Release|Any CPU.Build.0 = Release|Any CPU
		{8F1EF213-086E-DB2B-71F5-993C80E7B1B7}.Debug|Any CPU.ActiveCfg = Debug|Any CPU
		{8F1EF213-086E-DB2B-71F5-993C80E7B1B7}.Debug|Any CPU.Build.0 = Debug|Any CPU
		{8F1EF213-086E-DB2B-71F5-993C80E7B1B7}.Release|Any CPU.ActiveCfg = Release|Any CPU
		{8F1EF213-086E-DB2B-71F5-993C80E7B1B7}.Release|Any CPU.Build.0 = Release|Any CPU
		{587B0FF4-1072-18A5-EA28-BA2FB701BF63}.Debug|Any CPU.ActiveCfg = Debug|Any CPU
		{587B0FF4-1072-18A5-EA28-BA2FB701BF63}.Debug|Any CPU.Build.0 = Debug|Any CPU
		{587B0FF4-1072-18A5-EA28-BA2FB701BF63}.Release|Any CPU.ActiveCfg = Release|Any CPU
		{587B0FF4-1072-18A5-EA28-BA2FB701BF63}.Release|Any CPU.Build.0 = Release|Any CPU
		{F06431B5-7539-20A5-35C0-E3302FD53999}.Debug|Any CPU.ActiveCfg = Debug|Any CPU
		{F06431B5-7539-20A5-35C0-E3302FD53999}.Debug|Any CPU.Build.0 = Debug|Any CPU
		{F06431B5-7539-20A5-35C0-E3302FD53999}.Release|Any CPU.ActiveCfg = Release|Any CPU
		{F06431B5-7539-20A5-35C0-E3302FD53999}.Release|Any CPU.Build.0 = Release|Any CPU
		{515C7966-7DC0-FE6D-AD40-C284A419E9E6}.Debug|Any CPU.ActiveCfg = Debug|Any CPU
		{515C7966-7DC0-FE6D-AD40-C284A419E9E6}.Debug|Any CPU.Build.0 = Debug|Any CPU
		{515C7966-7DC0-FE6D-AD40-C284A419E9E6}.Release|Any CPU.ActiveCfg = Release|Any CPU
		{515C7966-7DC0-FE6D-AD40-C284A419E9E6}.Release|Any CPU.Build.0 = Release|Any CPU
		{B1F55A72-87A4-5FED-C44E-0BDC88D7EB30}.Debug|Any CPU.ActiveCfg = Debug|Any CPU
		{B1F55A72-87A4-5FED-C44E-0BDC88D7EB30}.Debug|Any CPU.Build.0 = Debug|Any CPU
		{B1F55A72-87A4-5FED-C44E-0BDC88D7EB30}.Release|Any CPU.ActiveCfg = Release|Any CPU
		{B1F55A72-87A4-5FED-C44E-0BDC88D7EB30}.Release|Any CPU.Build.0 = Release|Any CPU
		{594B69C2-10E1-7262-A4FC-26F6B94A17E9}.Debug|Any CPU.ActiveCfg = Debug|Any CPU
		{594B69C2-10E1-7262-A4FC-26F6B94A17E9}.Debug|Any CPU.Build.0 = Debug|Any CPU
		{594B69C2-10E1-7262-A4FC-26F6B94A17E9}.Release|Any CPU.ActiveCfg = Release|Any CPU
		{594B69C2-10E1-7262-A4FC-26F6B94A17E9}.Release|Any CPU.Build.0 = Release|Any CPU
	EndGlobalSection
	GlobalSection(SolutionProperties) = preSolution
		HideSolutionNode = FALSE
	EndGlobalSection
	GlobalSection(NestedProjects) = preSolution
		{495902FE-029B-83C8-7F64-CD849528B76A} = {84F63D73-E91C-A598-8A7E-22841B368B96}
		{4614DB86-88E7-20EF-8236-42D02FAEACFA} = {84F63D73-E91C-A598-8A7E-22841B368B96}
		{A03FE912-B1E3-F4E7-4976-78DB69B733DF} = {84F63D73-E91C-A598-8A7E-22841B368B96}
		{12E5B415-7A7C-492A-FF21-D25BF4E67F20} = {A03FE912-B1E3-F4E7-4976-78DB69B733DF}
		{AF2330E6-7413-D571-227E-B088C9A868E3} = {A03FE912-B1E3-F4E7-4976-78DB69B733DF}
		{8F1EF213-086E-DB2B-71F5-993C80E7B1B7} = {AF2330E6-7413-D571-227E-B088C9A868E3}
		{587B0FF4-1072-18A5-EA28-BA2FB701BF63} = {AF2330E6-7413-D571-227E-B088C9A868E3}
		{F06431B5-7539-20A5-35C0-E3302FD53999} = {AF2330E6-7413-D571-227E-B088C9A868E3}
		{515C7966-7DC0-FE6D-AD40-C284A419E9E6} = {AF2330E6-7413-D571-227E-B088C9A868E3}
		{B1F55A72-87A4-5FED-C44E-0BDC88D7EB30} = {AF2330E6-7413-D571-227E-B088C9A868E3}
		{7A33E3A0-FBC3-942E-9CB0-34658BE9AE56} = {84F63D73-E91C-A598-8A7E-22841B368B96}
		{C8CA915A-804E-7F21-59D4-32F934E0CD51} = {7A33E3A0-FBC3-942E-9CB0-34658BE9AE56}
		{594B69C2-10E1-7262-A4FC-26F6B94A17E9} = {C8CA915A-804E-7F21-59D4-32F934E0CD51}
	EndGlobalSection
	GlobalSection(ExtensibilityGlobals) = postSolution
		SolutionGuid = {1F788752-17E4-4ABD-B675-C015A69C397E}
	EndGlobalSection
EndGlobal
